
Microsoft Visual Studio Solution File, Format Version 12.00
# Visual Studio Version 17
VisualStudioVersion = 17.7.34009.444
MinimumVisualStudioVersion = 10.0.40219.1
Project("{9A19103F-16F7-4668-BE54-9A1E7A4F7556}") = "QuizApp.Web", "QuizApp.Web\QuizApp.Web.csproj", "{91E35571-FC91-4AF2-BD78-E18101AC1988}"
EndProject
Project("{9A19103F-16F7-4668-BE54-9A1E7A4F7556}") = "QuizAppCore", "QuizAppCore\QuizAppCore.csproj", "{097F6D24-C08D-4083-B9A0-45C0ADB8A73B}"
EndProject
Project("{9A19103F-16F7-4668-BE54-9A1E7A4F7556}") = "QuizAppDataAccess", "QuizAppInfrastructure\QuizAppDataAccess.csproj", "{A2E7768B-EEF0-4F0D-B1A6-6355E42614A1}"
EndProject
Global
	GlobalSection(SolutionConfigurationPlatforms) = preSolution
		Debug|Any CPU = Debug|Any CPU
		Release|Any CPU = Release|Any CPU
	EndGlobalSection
	GlobalSection(ProjectConfigurationPlatforms) = postSolution
		{91E35571-FC91-4AF2-BD78-E18101AC1988}.Debug|Any CPU.ActiveCfg = Debug|Any CPU
		{91E35571-FC91-4AF2-BD78-E18101AC1988}.Debug|Any CPU.Build.0 = Debug|Any CPU
		{91E35571-FC91-4AF2-BD78-E18101AC1988}.Release|Any CPU.ActiveCfg = Release|Any CPU
		{91E35571-FC91-4AF2-BD78-E18101AC1988}.Release|Any CPU.Build.0 = Release|Any CPU
		{097F6D24-C08D-4083-B9A0-45C0ADB8A73B}.Debug|Any CPU.ActiveCfg = Debug|Any CPU
		{097F6D24-C08D-4083-B9A0-45C0ADB8A73B}.Debug|Any CPU.Build.0 = Debug|Any CPU
		{097F6D24-C08D-4083-B9A0-45C0ADB8A73B}.Release|Any CPU.ActiveCfg = Release|Any CPU
		{097F6D24-C08D-4083-B9A0-45C0ADB8A73B}.Release|Any CPU.Build.0 = Release|Any CPU
		{A2E7768B-EEF0-4F0D-B1A6-6355E42614A1}.Debug|Any CPU.ActiveCfg = Debug|Any CPU
		{A2E7768B-EEF0-4F0D-B1A6-6355E42614A1}.Debug|Any CPU.Build.0 = Debug|Any CPU
		{A2E7768B-EEF0-4F0D-B1A6-6355E42614A1}.Release|Any CPU.ActiveCfg = Release|Any CPU
		{A2E7768B-EEF0-4F0D-B1A6-6355E42614A1}.Release|Any CPU.Build.0 = Release|Any CPU
	EndGlobalSection
	GlobalSection(SolutionProperties) = preSolution
		HideSolutionNode = FALSE
	EndGlobalSection
	GlobalSection(ExtensibilityGlobals) = postSolution
		SolutionGuid = {CE8F20BF-EA80-4818-82E3-13C59AA74A43}
	EndGlobalSection
EndGlobal
